
Microsoft Visual Studio Solution File, Format Version 12.00
# Visual Studio 15
VisualStudioVersion = 15.0.28307.539
MinimumVisualStudioVersion = 10.0.40219.1
Project("{151D2E53-A2C4-4D7D-83FE-D05416EBD58E}") = "GetResourceGroups", "GetResourceGroups\GetResourceGroups.deployproj", "{0443950C-47F0-4A24-BB28-858251399825}"
EndProject
Project("{151D2E53-A2C4-4D7D-83FE-D05416EBD58E}") = "DeleteResourceGroups", "DeleteResourceGroups\DeleteResourceGroups.deployproj", "{A9747D2A-BED9-4A75-B951-DA75E52E7685}"
EndProject
Project("{2150E333-8FDC-42A3-9474-1A3956D46DE8}") = "Scripts", "Scripts", "{EDA28A10-F141-4705-B551-2A6A80B87780}"
	ProjectSection(SolutionItems) = preProject
		AfterDeployment.ps1 = AfterDeployment.ps1
	EndProjectSection
EndProject
Global
	GlobalSection(SolutionConfigurationPlatforms) = preSolution
		Debug|Any CPU = Debug|Any CPU
		Release|Any CPU = Release|Any CPU
	EndGlobalSection
	GlobalSection(ProjectConfigurationPlatforms) = postSolution
		{0443950C-47F0-4A24-BB28-858251399825}.Debug|Any CPU.ActiveCfg = Debug|Any CPU
		{0443950C-47F0-4A24-BB28-858251399825}.Debug|Any CPU.Build.0 = Debug|Any CPU
		{0443950C-47F0-4A24-BB28-858251399825}.Release|Any CPU.ActiveCfg = Release|Any CPU
		{0443950C-47F0-4A24-BB28-858251399825}.Release|Any CPU.Build.0 = Release|Any CPU
		{A9747D2A-BED9-4A75-B951-DA75E52E7685}.Debug|Any CPU.ActiveCfg = Debug|Any CPU
		{A9747D2A-BED9-4A75-B951-DA75E52E7685}.Debug|Any CPU.Build.0 = Debug|Any CPU
		{A9747D2A-BED9-4A75-B951-DA75E52E7685}.Release|Any CPU.ActiveCfg = Release|Any CPU
		{A9747D2A-BED9-4A75-B951-DA75E52E7685}.Release|Any CPU.Build.0 = Release|Any CPU
	EndGlobalSection
	GlobalSection(SolutionProperties) = preSolution
		HideSolutionNode = FALSE
	EndGlobalSection
	GlobalSection(ExtensibilityGlobals) = postSolution
		SolutionGuid = {4FBF46A4-E1B4-4BC0-8310-4E463BC1CCC5}
	EndGlobalSection
EndGlobal
